[[dependencies]]
name = "@openzeppelin-contracts"
version = "4.7.0"
source = "https://github.com/OpenZeppelin/openzeppelin-contracts/archive/refs/tags/v4.7.0.zip"
checksum = "7a88a52b70872f3e428e595a03aed77c3323b118338d7256ce57dfc99eeab9e9"
integrity = "e47aca6d7bf9d4e13aba827a315bac2ab10708d1a2d219bff645a20e5d78ff85"
